{
  "object": {
    "pins": [
      {
        "package": "Coercion",
        "repositoryURL": "https://github.com/elegantchaos/Coercion.git",
        "state": {
          "branch": null,
          "revision": "f5ae9b7b191d9c042047e08e880e80ce676de230",
          "version": "1.1.2"
        }
      },
      {
        "package": "CollectionExtensions",
        "repositoryURL": "https://github.com/elegantchaos/CollectionExtensions.git",
        "state": {
          "branch": null,
          "revision": "203421ff555981e6e9545e3a0d62a82b3c896deb",
          "version": "1.1.4"
        }
      },
      {
        "package": "Expressions",
        "repositoryURL": "https://github.com/elegantchaos/Expressions.git",
        "state": {
          "branch": null,
          "revision": "3f1a4caccb9e33d95d0650e9b78350acd3576300",
          "version": "1.1.1"
        }
      },
      {
        "package": "Files",
        "repositoryURL": "https://github.com/elegantchaos/Files.git",
        "state": {
          "branch": null,
          "revision": "a86af44d44917e05facab8abb15a482383bd8f12",
          "version": "1.2.0"
        }
      },
      {
        "package": "Logger",
        "repositoryURL": "https://github.com/elegantchaos/Logger.git",
        "state": {
          "branch": null,
          "revision": "8ceabf0985b5255f7be42e023a3f63a7779a9145",
          "version": "1.6.0"
        }
      },
      {
        "package": "XCTestExtensions",
        "repositoryURL": "https://github.com/elegantchaos/XCTestExtensions.git",
        "state": {
          "branch": null,
          "revision": "5430aa6447e2b3702fc5b4b3bdbd53bf45a16f86",
          "version": "1.3.1"
        }
      }
    ]
  },
  "version": 1
}
