{
  "object": {
    "pins": [
      {
        "package": "Coercion",
        "repositoryURL": "https://github.com/elegantchaos/Coercion.git",
        "state": {
          "branch": null,
          "revision": "b459678c9455627a217d45a0c81081f3886bc965",
          "version": "1.0.4"
        }
      },
      {
        "package": "CollectionExtensions",
        "repositoryURL": "https://github.com/elegantchaos/CollectionExtensions.git",
        "state": {
          "branch": null,
          "revision": "6fad2f2176fba533b0ea0c608d534810a1a37bd7",
          "version": "1.1.1"
        }
      },
      {
        "package": "Files",
        "repositoryURL": "https://github.com/elegantchaos/Files.git",
        "state": {
          "branch": null,
          "revision": "50ba3a43ba60af8c75e172b70b95553ca02a15f7",
          "version": "1.1.5"
        }
      },
      {
        "package": "Logger",
        "repositoryURL": "https://github.com/elegantchaos/Logger.git",
        "state": {
          "branch": null,
          "revision": "8ceabf0985b5255f7be42e023a3f63a7779a9145",
          "version": "1.6.0"
        }
      },
      {
        "package": "XCTestExtensions",
        "repositoryURL": "https://github.com/elegantchaos/XCTestExtensions.git",
        "state": {
          "branch": null,
          "revision": "8c80db8f01d0a33453bd0b223cb05639f3ead1d7",
          "version": "1.2.0"
        }
      }
    ]
  },
  "version": 1
}
